
Microsoft Visual Studio Solution File, Format Version 12.00
# Visual Studio Version 17
VisualStudioVersion = 17.14.36518.9
MinimumVisualStudioVersion = 10.0.40219.1
Project("{2150E333-8FDC-42A3-9474-1A3956D46DE8}") = "Task0", "Task0", "{02EA681E-C7D8-13C7-8484-4AC65E1B71E8}"
EndProject
Project("{FAE04EC0-301F-11D3-BF4B-00C04F79EFBC}") = "Tyuiu.mamatkulovFO.Sprint3.Task0.V21", "Tyuiu.mamatkulovFO.Sprint3.Task0.V21\Tyuiu.mamatkulovFO.Sprint3.Task0.V21.csproj", "{95B96006-305C-4E9F-8406-30F3CD722307}"
EndProject
Project("{FAE04EC0-301F-11D3-BF4B-00C04F79EFBC}") = "Tyuiu.mamatkulovFO.Sprint3.Task0.V21.Lib", "Tyuiu.mamatkulovFO.Sprint3.Task0.V21.Lib\Tyuiu.mamatkulovFO.Sprint3.Task0.V21.Lib.csproj", "{5DE6F70E-A8A6-4DFA-A939-6E574338D221}"
EndProject
Project("{FAE04EC0-301F-11D3-BF4B-00C04F79EFBC}") = "Tyuiu.mamatkulovFO.Sprint3.Task0.V21.Test", "Tyuiu.mamatkulovFO.Sprint3.Task0.V21.Test\Tyuiu.mamatkulovFO.Sprint3.Task0.V21.Test.csproj", "{9CDE23F4-8FA4-4097-856A-E73C0BE73864}"
EndProject
Project("{2150E333-8FDC-42A3-9474-1A3956D46DE8}") = "Task1", "Task1", "{A3B43E47-E9F6-4F80-9C5C-0AD5CFE5A04C}"
EndProject
Project("{FAE04EC0-301F-11D3-BF4B-00C04F79EFBC}") = "Tyuiu.mamatkulovFO.Sprint3.Task1.V23", "Tyuiu.mamatkulovFO.Sprint3.Task1.V23\Tyuiu.mamatkulovFO.Sprint3.Task1.V23.csproj", "{823544D7-69D8-4627-B07B-86157D1CE519}"
EndProject
Project("{FAE04EC0-301F-11D3-BF4B-00C04F79EFBC}") = "Tyuiu.mamatkulovFO.Sprint3.Task1.V23.Lib", "Tyuiu.mamatkulovFO.Sprint3.Task1.V23.Lib\Tyuiu.mamatkulovFO.Sprint3.Task1.V23.Lib.csproj", "{41771F49-D15B-4667-8A9C-FC3A8ACECEF5}"
EndProject
Project("{FAE04EC0-301F-11D3-BF4B-00C04F79EFBC}") = "Tyuiu.mamatkulovFO.Sprint3.Task1.V23.Test", "Tyuiu.mamatkulovFO.Sprint3.Task1.V23.Test\Tyuiu.mamatkulovFO.Sprint3.Task1.V23.Test.csproj", "{016801DE-10E8-434D-B131-034D6E558A8C}"
EndProject
Project("{2150E333-8FDC-42A3-9474-1A3956D46DE8}") = "Task2", "Task2", "{2DD9FFA4-764B-4A2D-8511-F44659FA08A4}"
EndProject
Project("{FAE04EC0-301F-11D3-BF4B-00C04F79EFBC}") = "Tyuiu.mamatkulovFO.Sprint3.Task2.V30", "Tyuiu.mamatkulovFO.Sprint3.Task2.V30\Tyuiu.mamatkulovFO.Sprint3.Task2.V30.csproj", "{1E95D8EE-6AA0-4E6C-8C31-89AAAEB56384}"
EndProject
Project("{FAE04EC0-301F-11D3-BF4B-00C04F79EFBC}") = "Tyuiu.mamatkulovFO.Sprint3.Task2.V30.Lib", "Tyuiu.mamatkulovFO.Sprint3.Task2.V30.Lib\Tyuiu.mamatkulovFO.Sprint3.Task2.V30.Lib.csproj", "{1C915A67-19B6-455F-B5FA-5481499202EB}"
EndProject
Project("{FAE04EC0-301F-11D3-BF4B-00C04F79EFBC}") = "Tyuiu.mamatkulovFO.Sprint3.Task2.V30.Test", "Tyuiu.mamatkulovFO.Sprint3.Task2.V30.Test\Tyuiu.mamatkulovFO.Sprint3.Task2.V30.Test.csproj", "{F20AC268-0E78-4D43-8F25-05ACF7A47E89}"
EndProject
Project("{2150E333-8FDC-42A3-9474-1A3956D46DE8}") = "Task3", "Task3", "{269065C9-F685-40B6-A2F2-7AF2E0059AD2}"
EndProject
Project("{FAE04EC0-301F-11D3-BF4B-00C04F79EFBC}") = "Tyuiu.mamatkulovFO.Sprint3.Task3.V13", "Tyuiu.mamatkulovFO.Sprint3.Task3.V13\Tyuiu.mamatkulovFO.Sprint3.Task3.V13.csproj", "{ACC57A0B-06EE-405F-942B-74FF2FDA57A4}"
EndProject
Project("{FAE04EC0-301F-11D3-BF4B-00C04F79EFBC}") = "Tyuiu.mamatkulovFO.Sprint3.Task3.V13.Lib", "Tyuiu.mamatkulovFO.Sprint3.Task3.V13.Lib\Tyuiu.mamatkulovFO.Sprint3.Task3.V13.Lib.csproj", "{9AA26574-E7B5-4B0E-8BDE-4B5F750A6FDB}"
EndProject
Project("{FAE04EC0-301F-11D3-BF4B-00C04F79EFBC}") = "Tyuiu.mamatkulovFO.Sprint3.Task3.V13.Test", "Tyuiu.mamatkulovFO.Sprint3.Task3.V13.Test\Tyuiu.mamatkulovFO.Sprint3.Task3.V13.Test.csproj", "{12270DC6-4813-43FF-BC51-CE5DEC3424C2}"
EndProject
Project("{2150E333-8FDC-42A3-9474-1A3956D46DE8}") = "Task4", "Task4", "{60B90295-7EF2-45A0-B31A-1769A0CFAB78}"
EndProject
Project("{FAE04EC0-301F-11D3-BF4B-00C04F79EFBC}") = "Tyuiu.mamatkulovFO.Sprint3.Task4.V23", "Tyuiu.mamatkulovFO.Sprint3.Task4.V23\Tyuiu.mamatkulovFO.Sprint3.Task4.V23.csproj", "{D55F39C9-3882-41B1-B10D-544A5FCB3861}"
EndProject
Project("{FAE04EC0-301F-11D3-BF4B-00C04F79EFBC}") = "Tyuiu.mamatkulovFO.Sprint3.Task4.V23.Lib", "Tyuiu.mamatkulovFO.Sprint3.Task4.V23.Lib\Tyuiu.mamatkulovFO.Sprint3.Task4.V23.Lib.csproj", "{55A739BF-DCC7-4B5B-B786-31BFC4DF97B2}"
EndProject
Project("{FAE04EC0-301F-11D3-BF4B-00C04F79EFBC}") = "Tyuiu.mamatkulovFO.Sprint3.Task4.V23.Test", "Tyuiu.mamatkulovFO.Sprint3.Task4.V23.Test\Tyuiu.mamatkulovFO.Sprint3.Task4.V23.Test.csproj", "{F69D2B5A-B5D2-4D03-95FA-D6BE247F4E12}"
EndProject
Project("{2150E333-8FDC-42A3-9474-1A3956D46DE8}") = "Task5", "Task5", "{42F5A7B0-6961-4688-9C9C-071441A866B7}"
EndProject
Project("{FAE04EC0-301F-11D3-BF4B-00C04F79EFBC}") = "Tyuiu.mamatkulovFO.Sprint3.Task5.V25", "Tyuiu.mamatkulovFO.Sprint3.Task5.V25\Tyuiu.mamatkulovFO.Sprint3.Task5.V25.csproj", "{5F6D28A6-B545-4469-824B-4336AF4E7B4A}"
EndProject
Project("{FAE04EC0-301F-11D3-BF4B-00C04F79EFBC}") = "Tyuiu.mamatkulovFO.Sprint3.Task5.V25.Test", "Tyuiu.mamatkulovFO.Sprint3.Task5.V25.Test\Tyuiu.mamatkulovFO.Sprint3.Task5.V25.Test.csproj", "{79A3C1B3-48B4-46EB-8645-BD8DB511109D}"
EndProject
Project("{FAE04EC0-301F-11D3-BF4B-00C04F79EFBC}") = "Tyuiu.mamatkulovFO.Sprint3.Task5.V25.Lib", "Tyuiu.mamatkulovFO.Sprint3.Task5.V25.Lib\Tyuiu.mamatkulovFO.Sprint3.Task5.V25.Lib.csproj", "{9929245D-01E9-4F14-8EA1-C954FDDF4B5E}"
EndProject
Project("{2150E333-8FDC-42A3-9474-1A3956D46DE8}") = "Task6", "Task6", "{ABA7034F-137D-42DA-88F4-A382D4730A02}"
EndProject
Project("{FAE04EC0-301F-11D3-BF4B-00C04F79EFBC}") = "Tyuiu.mamatkulovFO.Sprint3.Task6.V16", "Tyuiu.mamatkulovFO.Sprint3.Task6.V16\Tyuiu.mamatkulovFO.Sprint3.Task6.V16.csproj", "{920F7AA0-CB70-43E0-B258-BD61C90470C7}"
EndProject
Project("{FAE04EC0-301F-11D3-BF4B-00C04F79EFBC}") = "Tyuiu.mamatkulovFO.Sprint3.Task6.V16.Lib", "Tyuiu.mamatkulovFO.Sprint3.Task6.V16.Lib\Tyuiu.mamatkulovFO.Sprint3.Task6.V16.Lib.csproj", "{ED5A416B-3914-4C14-8EE2-7743C8D069CF}"
EndProject
Project("{FAE04EC0-301F-11D3-BF4B-00C04F79EFBC}") = "Tyuiu.mamatkulovFO.Sprint3.Task6.V16.Test", "Tyuiu.mamatkulovFO.Sprint3.Task6.V16.Test\Tyuiu.mamatkulovFO.Sprint3.Task6.V16.Test.csproj", "{9033ADAE-E010-4A5E-871F-A541AD849AC0}"
EndProject
Global
	GlobalSection(SolutionConfigurationPlatforms) = preSolution
		Debug|Any CPU = Debug|Any CPU
		Release|Any CPU = Release|Any CPU
	EndGlobalSection
	GlobalSection(ProjectConfigurationPlatforms) = postSolution
		{95B96006-305C-4E9F-8406-30F3CD722307}.Debug|Any CPU.ActiveCfg = Debug|Any CPU
		{95B96006-305C-4E9F-8406-30F3CD722307}.Debug|Any CPU.Build.0 = Debug|Any CPU
		{95B96006-305C-4E9F-8406-30F3CD722307}.Release|Any CPU.ActiveCfg = Release|Any CPU
		{95B96006-305C-4E9F-8406-30F3CD722307}.Release|Any CPU.Build.0 = Release|Any CPU
		{5DE6F70E-A8A6-4DFA-A939-6E574338D221}.Debug|Any CPU.ActiveCfg = Debug|Any CPU
		{5DE6F70E-A8A6-4DFA-A939-6E574338D221}.Debug|Any CPU.Build.0 = Debug|Any CPU
		{5DE6F70E-A8A6-4DFA-A939-6E574338D221}.Release|Any CPU.ActiveCfg = Release|Any CPU
		{5DE6F70E-A8A6-4DFA-A939-6E574338D221}.Release|Any CPU.Build.0 = Release|Any CPU
		{9CDE23F4-8FA4-4097-856A-E73C0BE73864}.Debug|Any CPU.ActiveCfg = Debug|Any CPU
		{9CDE23F4-8FA4-4097-856A-E73C0BE73864}.Debug|Any CPU.Build.0 = Debug|Any CPU
		{9CDE23F4-8FA4-4097-856A-E73C0BE73864}.Release|Any CPU.ActiveCfg = Release|Any CPU
		{9CDE23F4-8FA4-4097-856A-E73C0BE73864}.Release|Any CPU.Build.0 = Release|Any CPU
		{823544D7-69D8-4627-B07B-86157D1CE519}.Debug|Any CPU.ActiveCfg = Debug|Any CPU
		{823544D7-69D8-4627-B07B-86157D1CE519}.Debug|Any CPU.Build.0 = Debug|Any CPU
		{823544D7-69D8-4627-B07B-86157D1CE519}.Release|Any CPU.ActiveCfg = Release|Any CPU
		{823544D7-69D8-4627-B07B-86157D1CE519}.Release|Any CPU.Build.0 = Release|Any CPU
		{41771F49-D15B-4667-8A9C-FC3A8ACECEF5}.Debug|Any CPU.ActiveCfg = Debug|Any CPU
		{41771F49-D15B-4667-8A9C-FC3A8ACECEF5}.Debug|Any CPU.Build.0 = Debug|Any CPU
		{41771F49-D15B-4667-8A9C-FC3A8ACECEF5}.Release|Any CPU.ActiveCfg = Release|Any CPU
		{41771F49-D15B-4667-8A9C-FC3A8ACECEF5}.Release|Any CPU.Build.0 = Release|Any CPU
		{016801DE-10E8-434D-B131-034D6E558A8C}.Debug|Any CPU.ActiveCfg = Debug|Any CPU
		{016801DE-10E8-434D-B131-034D6E558A8C}.Debug|Any CPU.Build.0 = Debug|Any CPU
		{016801DE-10E8-434D-B131-034D6E558A8C}.Release|Any CPU.ActiveCfg = Release|Any CPU
		{016801DE-10E8-434D-B131-034D6E558A8C}.Release|Any CPU.Build.0 = Release|Any CPU
		{1E95D8EE-6AA0-4E6C-8C31-89AAAEB56384}.Debug|Any CPU.ActiveCfg = Debug|Any CPU
		{1E95D8EE-6AA0-4E6C-8C31-89AAAEB56384}.Debug|Any CPU.Build.0 = Debug|Any CPU
		{1E95D8EE-6AA0-4E6C-8C31-89AAAEB56384}.Release|Any CPU.ActiveCfg = Release|Any CPU
		{1E95D8EE-6AA0-4E6C-8C31-89AAAEB56384}.Release|Any CPU.Build.0 = Release|Any CPU
		{1C915A67-19B6-455F-B5FA-5481499202EB}.Debug|Any CPU.ActiveCfg = Debug|Any CPU
		{1C915A67-19B6-455F-B5FA-5481499202EB}.Debug|Any CPU.Build.0 = Debug|Any CPU
		{1C915A67-19B6-455F-B5FA-5481499202EB}.Release|Any CPU.ActiveCfg = Release|Any CPU
		{1C915A67-19B6-455F-B5FA-5481499202EB}.Release|Any CPU.Build.0 = Release|Any CPU
		{F20AC268-0E78-4D43-8F25-05ACF7A47E89}.Debug|Any CPU.ActiveCfg = Debug|Any CPU
		{F20AC268-0E78-4D43-8F25-05ACF7A47E89}.Debug|Any CPU.Build.0 = Debug|Any CPU
		{F20AC268-0E78-4D43-8F25-05ACF7A47E89}.Release|Any CPU.ActiveCfg = Release|Any CPU
		{F20AC268-0E78-4D43-8F25-05ACF7A47E89}.Release|Any CPU.Build.0 = Release|Any CPU
		{ACC57A0B-06EE-405F-942B-74FF2FDA57A4}.Debug|Any CPU.ActiveCfg = Debug|Any CPU
		{ACC57A0B-06EE-405F-942B-74FF2FDA57A4}.Debug|Any CPU.Build.0 = Debug|Any CPU
		{ACC57A0B-06EE-405F-942B-74FF2FDA57A4}.Release|Any CPU.ActiveCfg = Release|Any CPU
		{ACC57A0B-06EE-405F-942B-74FF2FDA57A4}.Release|Any CPU.Build.0 = Release|Any CPU
		{9AA26574-E7B5-4B0E-8BDE-4B5F750A6FDB}.Debug|Any CPU.ActiveCfg = Debug|Any CPU
		{9AA26574-E7B5-4B0E-8BDE-4B5F750A6FDB}.Debug|Any CPU.Build.0 = Debug|Any CPU
		{9AA26574-E7B5-4B0E-8BDE-4B5F750A6FDB}.Release|Any CPU.ActiveCfg = Release|Any CPU
		{9AA26574-E7B5-4B0E-8BDE-4B5F750A6FDB}.Release|Any CPU.Build.0 = Release|Any CPU
		{12270DC6-4813-43FF-BC51-CE5DEC3424C2}.Debug|Any CPU.ActiveCfg = Debug|Any CPU
		{12270DC6-4813-43FF-BC51-CE5DEC3424C2}.Debug|Any CPU.Build.0 = Debug|Any CPU
		{12270DC6-4813-43FF-BC51-CE5DEC3424C2}.Release|Any CPU.ActiveCfg = Release|Any CPU
		{12270DC6-4813-43FF-BC51-CE5DEC3424C2}.Release|Any CPU.Build.0 = Release|Any CPU
		{D55F39C9-3882-41B1-B10D-544A5FCB3861}.Debug|Any CPU.ActiveCfg = Debug|Any CPU
		{D55F39C9-3882-41B1-B10D-544A5FCB3861}.Debug|Any CPU.Build.0 = Debug|Any CPU
		{D55F39C9-3882-41B1-B10D-544A5FCB3861}.Release|Any CPU.ActiveCfg = Release|Any CPU
		{D55F39C9-3882-41B1-B10D-544A5FCB3861}.Release|Any CPU.Build.0 = Release|Any CPU
		{55A739BF-DCC7-4B5B-B786-31BFC4DF97B2}.Debug|Any CPU.ActiveCfg = Debug|Any CPU
		{55A739BF-DCC7-4B5B-B786-31BFC4DF97B2}.Debug|Any CPU.Build.0 = Debug|Any CPU
		{55A739BF-DCC7-4B5B-B786-31BFC4DF97B2}.Release|Any CPU.ActiveCfg = Release|Any CPU
		{55A739BF-DCC7-4B5B-B786-31BFC4DF97B2}.Release|Any CPU.Build.0 = Release|Any CPU
		{F69D2B5A-B5D2-4D03-95FA-D6BE247F4E12}.Debug|Any CPU.ActiveCfg = Debug|Any CPU
		{F69D2B5A-B5D2-4D03-95FA-D6BE247F4E12}.Debug|Any CPU.Build.0 = Debug|Any CPU
		{F69D2B5A-B5D2-4D03-95FA-D6BE247F4E12}.Release|Any CPU.ActiveCfg = Release|Any CPU
		{F69D2B5A-B5D2-4D03-95FA-D6BE247F4E12}.Release|Any CPU.Build.0 = Release|Any CPU
		{5F6D28A6-B545-4469-824B-4336AF4E7B4A}.Debug|Any CPU.ActiveCfg = Debug|Any CPU
		{5F6D28A6-B545-4469-824B-4336AF4E7B4A}.Debug|Any CPU.Build.0 = Debug|Any CPU
		{5F6D28A6-B545-4469-824B-4336AF4E7B4A}.Release|Any CPU.ActiveCfg = Release|Any CPU
		{5F6D28A6-B545-4469-824B-4336AF4E7B4A}.Release|Any CPU.Build.0 = Release|Any CPU
		{79A3C1B3-48B4-46EB-8645-BD8DB511109D}.Debug|Any CPU.ActiveCfg = Debug|Any CPU
		{79A3C1B3-48B4-46EB-8645-BD8DB511109D}.Debug|Any CPU.Build.0 = Debug|Any CPU
		{79A3C1B3-48B4-46EB-8645-BD8DB511109D}.Release|Any CPU.ActiveCfg = Release|Any CPU
		{79A3C1B3-48B4-46EB-8645-BD8DB511109D}.Release|Any CPU.Build.0 = Release|Any CPU
		{9929245D-01E9-4F14-8EA1-C954FDDF4B5E}.Debug|Any CPU.ActiveCfg = Debug|Any CPU
		{9929245D-01E9-4F14-8EA1-C954FDDF4B5E}.Debug|Any CPU.Build.0 = Debug|Any CPU
		{9929245D-01E9-4F14-8EA1-C954FDDF4B5E}.Release|Any CPU.ActiveCfg = Release|Any CPU
		{9929245D-01E9-4F14-8EA1-C954FDDF4B5E}.Release|Any CPU.Build.0 = Release|Any CPU
		{920F7AA0-CB70-43E0-B258-BD61C90470C7}.Debug|Any CPU.ActiveCfg = Debug|Any CPU
		{920F7AA0-CB70-43E0-B258-BD61C90470C7}.Debug|Any CPU.Build.0 = Debug|Any CPU
		{920F7AA0-CB70-43E0-B258-BD61C90470C7}.Release|Any CPU.ActiveCfg = Release|Any CPU
		{920F7AA0-CB70-43E0-B258-BD61C90470C7}.Release|Any CPU.Build.0 = Release|Any CPU
		{ED5A416B-3914-4C14-8EE2-7743C8D069CF}.Debug|Any CPU.ActiveCfg = Debug|Any CPU
		{ED5A416B-3914-4C14-8EE2-7743C8D069CF}.Debug|Any CPU.Build.0 = Debug|Any CPU
		{ED5A416B-3914-4C14-8EE2-7743C8D069CF}.Release|Any CPU.ActiveCfg = Release|Any CPU
		{ED5A416B-3914-4C14-8EE2-7743C8D069CF}.Release|Any CPU.Build.0 = Release|Any CPU
		{9033ADAE-E010-4A5E-871F-A541AD849AC0}.Debug|Any CPU.ActiveCfg = Debug|Any CPU
		{9033ADAE-E010-4A5E-871F-A541AD849AC0}.Debug|Any CPU.Build.0 = Debug|Any CPU
		{9033ADAE-E010-4A5E-871F-A541AD849AC0}.Release|Any CPU.ActiveCfg = Release|Any CPU
		{9033ADAE-E010-4A5E-871F-A541AD849AC0}.Release|Any CPU.Build.0 = Release|Any CPU
	EndGlobalSection
	GlobalSection(SolutionProperties) = preSolution
		HideSolutionNode = FALSE
	EndGlobalSection
	GlobalSection(NestedProjects) = preSolution
		{95B96006-305C-4E9F-8406-30F3CD722307} = {02EA681E-C7D8-13C7-8484-4AC65E1B71E8}
		{5DE6F70E-A8A6-4DFA-A939-6E574338D221} = {02EA681E-C7D8-13C7-8484-4AC65E1B71E8}
		{9CDE23F4-8FA4-4097-856A-E73C0BE73864} = {02EA681E-C7D8-13C7-8484-4AC65E1B71E8}
		{823544D7-69D8-4627-B07B-86157D1CE519} = {A3B43E47-E9F6-4F80-9C5C-0AD5CFE5A04C}
		{41771F49-D15B-4667-8A9C-FC3A8ACECEF5} = {A3B43E47-E9F6-4F80-9C5C-0AD5CFE5A04C}
		{016801DE-10E8-434D-B131-034D6E558A8C} = {A3B43E47-E9F6-4F80-9C5C-0AD5CFE5A04C}
		{1E95D8EE-6AA0-4E6C-8C31-89AAAEB56384} = {2DD9FFA4-764B-4A2D-8511-F44659FA08A4}
		{1C915A67-19B6-455F-B5FA-5481499202EB} = {2DD9FFA4-764B-4A2D-8511-F44659FA08A4}
		{F20AC268-0E78-4D43-8F25-05ACF7A47E89} = {2DD9FFA4-764B-4A2D-8511-F44659FA08A4}
		{ACC57A0B-06EE-405F-942B-74FF2FDA57A4} = {269065C9-F685-40B6-A2F2-7AF2E0059AD2}
		{9AA26574-E7B5-4B0E-8BDE-4B5F750A6FDB} = {269065C9-F685-40B6-A2F2-7AF2E0059AD2}
		{12270DC6-4813-43FF-BC51-CE5DEC3424C2} = {269065C9-F685-40B6-A2F2-7AF2E0059AD2}
		{D55F39C9-3882-41B1-B10D-544A5FCB3861} = {60B90295-7EF2-45A0-B31A-1769A0CFAB78}
		{55A739BF-DCC7-4B5B-B786-31BFC4DF97B2} = {60B90295-7EF2-45A0-B31A-1769A0CFAB78}
		{F69D2B5A-B5D2-4D03-95FA-D6BE247F4E12} = {60B90295-7EF2-45A0-B31A-1769A0CFAB78}
		{5F6D28A6-B545-4469-824B-4336AF4E7B4A} = {42F5A7B0-6961-4688-9C9C-071441A866B7}
		{79A3C1B3-48B4-46EB-8645-BD8DB511109D} = {42F5A7B0-6961-4688-9C9C-071441A866B7}
		{9929245D-01E9-4F14-8EA1-C954FDDF4B5E} = {42F5A7B0-6961-4688-9C9C-071441A866B7}
		{920F7AA0-CB70-43E0-B258-BD61C90470C7} = {ABA7034F-137D-42DA-88F4-A382D4730A02}
		{ED5A416B-3914-4C14-8EE2-7743C8D069CF} = {ABA7034F-137D-42DA-88F4-A382D4730A02}
		{9033ADAE-E010-4A5E-871F-A541AD849AC0} = {ABA7034F-137D-42DA-88F4-A382D4730A02}
	EndGlobalSection
	GlobalSection(ExtensibilityGlobals) = postSolution
		SolutionGuid = {BE0B2DB9-C790-4D65-B527-BC32CE86FCF3}
	EndGlobalSection
EndGlobal
