
Microsoft Visual Studio Solution File, Format Version 12.00
# Visual Studio Version 17
VisualStudioVersion = 17.14.36518.9
MinimumVisualStudioVersion = 10.0.40219.1
Project("{2150E333-8FDC-42A3-9474-1A3956D46DE8}") = "Task0", "Task0", "{02EA681E-C7D8-13C7-8484-4AC65E1B71E8}"
EndProject
Project("{FAE04EC0-301F-11D3-BF4B-00C04F79EFBC}") = "Tyuiu.mamatkulovFO.Sprint3.Task0.V21", "Tyuiu.mamatkulovFO.Sprint3.Task0.V21\Tyuiu.mamatkulovFO.Sprint3.Task0.V21.csproj", "{95B96006-305C-4E9F-8406-30F3CD722307}"
EndProject
Project("{FAE04EC0-301F-11D3-BF4B-00C04F79EFBC}") = "Tyuiu.mamatkulovFO.Sprint3.Task0.V21.Lib", "Tyuiu.mamatkulovFO.Sprint3.Task0.V21.Lib\Tyuiu.mamatkulovFO.Sprint3.Task0.V21.Lib.csproj", "{5DE6F70E-A8A6-4DFA-A939-6E574338D221}"
EndProject
Project("{FAE04EC0-301F-11D3-BF4B-00C04F79EFBC}") = "Tyuiu.mamatkulovFO.Sprint3.Task0.V21.Test", "Tyuiu.mamatkulovFO.Sprint3.Task0.V21.Test\Tyuiu.mamatkulovFO.Sprint3.Task0.V21.Test.csproj", "{9CDE23F4-8FA4-4097-856A-E73C0BE73864}"
EndProject
Project("{2150E333-8FDC-42A3-9474-1A3956D46DE8}") = "Task1", "Task1", "{A3B43E47-E9F6-4F80-9C5C-0AD5CFE5A04C}"
EndProject
Project("{FAE04EC0-301F-11D3-BF4B-00C04F79EFBC}") = "Tyuiu.mamatkulovFO.Sprint3.Task1.V23", "Tyuiu.mamatkulovFO.Sprint3.Task1.V23\Tyuiu.mamatkulovFO.Sprint3.Task1.V23.csproj", "{823544D7-69D8-4627-B07B-86157D1CE519}"
EndProject
Project("{FAE04EC0-301F-11D3-BF4B-00C04F79EFBC}") = "Tyuiu.mamatkulovFO.Sprint3.Task1.V23.Lib", "Tyuiu.mamatkulovFO.Sprint3.Task1.V23.Lib\Tyuiu.mamatkulovFO.Sprint3.Task1.V23.Lib.csproj", "{41771F49-D15B-4667-8A9C-FC3A8ACECEF5}"
EndProject
Project("{FAE04EC0-301F-11D3-BF4B-00C04F79EFBC}") = "Tyuiu.mamatkulovFO.Sprint3.Task1.V23.Test", "Tyuiu.mamatkulovFO.Sprint3.Task1.V23.Test\Tyuiu.mamatkulovFO.Sprint3.Task1.V23.Test.csproj", "{016801DE-10E8-434D-B131-034D6E558A8C}"
EndProject
Project("{2150E333-8FDC-42A3-9474-1A3956D46DE8}") = "Task2", "Task2", "{2DD9FFA4-764B-4A2D-8511-F44659FA08A4}"
EndProject
Project("{FAE04EC0-301F-11D3-BF4B-00C04F79EFBC}") = "Tyuiu.mamatkulovFO.Sprint3.Task2.V30", "Tyuiu.mamatkulovFO.Sprint3.Task2.V30\Tyuiu.mamatkulovFO.Sprint3.Task2.V30.csproj", "{1E95D8EE-6AA0-4E6C-8C31-89AAAEB56384}"
EndProject
Project("{FAE04EC0-301F-11D3-BF4B-00C04F79EFBC}") = "Tyuiu.mamatkulovFO.Sprint3.Task2.V30.Lib", "Tyuiu.mamatkulovFO.Sprint3.Task2.V30.Lib\Tyuiu.mamatkulovFO.Sprint3.Task2.V30.Lib.csproj", "{1C915A67-19B6-455F-B5FA-5481499202EB}"
EndProject
Project("{FAE04EC0-301F-11D3-BF4B-00C04F79EFBC}") = "Tyuiu.mamatkulovFO.Sprint3.Task2.V30.Test", "Tyuiu.mamatkulovFO.Sprint3.Task2.V30.Test\Tyuiu.mamatkulovFO.Sprint3.Task2.V30.Test.csproj", "{F20AC268-0E78-4D43-8F25-05ACF7A47E89}"
EndProject
Project("{2150E333-8FDC-42A3-9474-1A3956D46DE8}") = "Task3", "Task3", "{269065C9-F685-40B6-A2F2-7AF2E0059AD2}"
EndProject
Project("{FAE04EC0-301F-11D3-BF4B-00C04F79EFBC}") = "Tyuiu.mamatkulovFO.Sprint3.Task3.V13", "Tyuiu.mamatkulovFO.Sprint3.Task3.V13\Tyuiu.mamatkulovFO.Sprint3.Task3.V13.csproj", "{ACC57A0B-06EE-405F-942B-74FF2FDA57A4}"
EndProject
Project("{FAE04EC0-301F-11D3-BF4B-00C04F79EFBC}") = "Tyuiu.mamatkulovFO.Sprint3.Task3.V13.Lib", "Tyuiu.mamatkulovFO.Sprint3.Task3.V13.Lib\Tyuiu.mamatkulovFO.Sprint3.Task3.V13.Lib.csproj", "{9AA26574-E7B5-4B0E-8BDE-4B5F750A6FDB}"
EndProject
Project("{FAE04EC0-301F-11D3-BF4B-00C04F79EFBC}") = "Tyuiu.mamatkulovFO.Sprint3.Task3.V13.Test", "Tyuiu.mamatkulovFO.Sprint3.Task3.V13.Test\Tyuiu.mamatkulovFO.Sprint3.Task3.V13.Test.csproj", "{12270DC6-4813-43FF-BC51-CE5DEC3424C2}"
EndProject
Project("{2150E333-8FDC-42A3-9474-1A3956D46DE8}") = "Task4", "Task4", "{63CD0F2C-D9EA-4974-A30D-43F0B53573F5}"
EndProject
Project("{FAE04EC0-301F-11D3-BF4B-00C04F79EFBC}") = "Tyuiu.mamatkulovFO.Sprint3.Task4.V23", "Tyuiu.mamatkulovFO.Sprint3.Task3.V23\Tyuiu.mamatkulovFO.Sprint3.Task4.V23.csproj", "{DC45C981-B839-416E-B8C6-34D1D1EA62DE}"
EndProject
Project("{FAE04EC0-301F-11D3-BF4B-00C04F79EFBC}") = "Tyuiu.mamatkulovFO.Sprint3.Task4.V23.Lib", "Tyuiu.mamatkulovFO.Sprint3.Task3.V23.Lib\Tyuiu.mamatkulovFO.Sprint3.Task4.V23.Lib.csproj", "{A93AD1B9-299F-4217-AAE2-D18A56AB6BC6}"
EndProject
Project("{FAE04EC0-301F-11D3-BF4B-00C04F79EFBC}") = "Tyuiu.mamatkulovFO.Sprint3.Task4.V23.Test", "Tyuiu.mamatkulovFO.Sprint3.Task3.V23.Test\Tyuiu.mamatkulovFO.Sprint3.Task4.V23.Test.csproj", "{C6DEB8F5-F129-482F-A490-CF83E6F91E4F}"
EndProject
Global
	GlobalSection(SolutionConfigurationPlatforms) = preSolution
		Debug|Any CPU = Debug|Any CPU
		Release|Any CPU = Release|Any CPU
	EndGlobalSection
	GlobalSection(ProjectConfigurationPlatforms) = postSolution
		{95B96006-305C-4E9F-8406-30F3CD722307}.Debug|Any CPU.ActiveCfg = Debug|Any CPU
		{95B96006-305C-4E9F-8406-30F3CD722307}.Debug|Any CPU.Build.0 = Debug|Any CPU
		{95B96006-305C-4E9F-8406-30F3CD722307}.Release|Any CPU.ActiveCfg = Release|Any CPU
		{95B96006-305C-4E9F-8406-30F3CD722307}.Release|Any CPU.Build.0 = Release|Any CPU
		{5DE6F70E-A8A6-4DFA-A939-6E574338D221}.Debug|Any CPU.ActiveCfg = Debug|Any CPU
		{5DE6F70E-A8A6-4DFA-A939-6E574338D221}.Debug|Any CPU.Build.0 = Debug|Any CPU
		{5DE6F70E-A8A6-4DFA-A939-6E574338D221}.Release|Any CPU.ActiveCfg = Release|Any CPU
		{5DE6F70E-A8A6-4DFA-A939-6E574338D221}.Release|Any CPU.Build.0 = Release|Any CPU
		{9CDE23F4-8FA4-4097-856A-E73C0BE73864}.Debug|Any CPU.ActiveCfg = Debug|Any CPU
		{9CDE23F4-8FA4-4097-856A-E73C0BE73864}.Debug|Any CPU.Build.0 = Debug|Any CPU
		{9CDE23F4-8FA4-4097-856A-E73C0BE73864}.Release|Any CPU.ActiveCfg = Release|Any CPU
		{9CDE23F4-8FA4-4097-856A-E73C0BE73864}.Release|Any CPU.Build.0 = Release|Any CPU
		{823544D7-69D8-4627-B07B-86157D1CE519}.Debug|Any CPU.ActiveCfg = Debug|Any CPU
		{823544D7-69D8-4627-B07B-86157D1CE519}.Debug|Any CPU.Build.0 = Debug|Any CPU
		{823544D7-69D8-4627-B07B-86157D1CE519}.Release|Any CPU.ActiveCfg = Release|Any CPU
		{823544D7-69D8-4627-B07B-86157D1CE519}.Release|Any CPU.Build.0 = Release|Any CPU
		{41771F49-D15B-4667-8A9C-FC3A8ACECEF5}.Debug|Any CPU.ActiveCfg = Debug|Any CPU
		{41771F49-D15B-4667-8A9C-FC3A8ACECEF5}.Debug|Any CPU.Build.0 = Debug|Any CPU
		{41771F49-D15B-4667-8A9C-FC3A8ACECEF5}.Release|Any CPU.ActiveCfg = Release|Any CPU
		{41771F49-D15B-4667-8A9C-FC3A8ACECEF5}.Release|Any CPU.Build.0 = Release|Any CPU
		{016801DE-10E8-434D-B131-034D6E558A8C}.Debug|Any CPU.ActiveCfg = Debug|Any CPU
		{016801DE-10E8-434D-B131-034D6E558A8C}.Debug|Any CPU.Build.0 = Debug|Any CPU
		{016801DE-10E8-434D-B131-034D6E558A8C}.Release|Any CPU.ActiveCfg = Release|Any CPU
		{016801DE-10E8-434D-B131-034D6E558A8C}.Release|Any CPU.Build.0 = Release|Any CPU
		{1E95D8EE-6AA0-4E6C-8C31-89AAAEB56384}.Debug|Any CPU.ActiveCfg = Debug|Any CPU
		{1E95D8EE-6AA0-4E6C-8C31-89AAAEB56384}.Debug|Any CPU.Build.0 = Debug|Any CPU
		{1E95D8EE-6AA0-4E6C-8C31-89AAAEB56384}.Release|Any CPU.ActiveCfg = Release|Any CPU
		{1E95D8EE-6AA0-4E6C-8C31-89AAAEB56384}.Release|Any CPU.Build.0 = Release|Any CPU
		{1C915A67-19B6-455F-B5FA-5481499202EB}.Debug|Any CPU.ActiveCfg = Debug|Any CPU
		{1C915A67-19B6-455F-B5FA-5481499202EB}.Debug|Any CPU.Build.0 = Debug|Any CPU
		{1C915A67-19B6-455F-B5FA-5481499202EB}.Release|Any CPU.ActiveCfg = Release|Any CPU
		{1C915A67-19B6-455F-B5FA-5481499202EB}.Release|Any CPU.Build.0 = Release|Any CPU
		{F20AC268-0E78-4D43-8F25-05ACF7A47E89}.Debug|Any CPU.ActiveCfg = Debug|Any CPU
		{F20AC268-0E78-4D43-8F25-05ACF7A47E89}.Debug|Any CPU.Build.0 = Debug|Any CPU
		{F20AC268-0E78-4D43-8F25-05ACF7A47E89}.Release|Any CPU.ActiveCfg = Release|Any CPU
		{F20AC268-0E78-4D43-8F25-05ACF7A47E89}.Release|Any CPU.Build.0 = Release|Any CPU
		{ACC57A0B-06EE-405F-942B-74FF2FDA57A4}.Debug|Any CPU.ActiveCfg = Debug|Any CPU
		{ACC57A0B-06EE-405F-942B-74FF2FDA57A4}.Debug|Any CPU.Build.0 = Debug|Any CPU
		{ACC57A0B-06EE-405F-942B-74FF2FDA57A4}.Release|Any CPU.ActiveCfg = Release|Any CPU
		{ACC57A0B-06EE-405F-942B-74FF2FDA57A4}.Release|Any CPU.Build.0 = Release|Any CPU
		{9AA26574-E7B5-4B0E-8BDE-4B5F750A6FDB}.Debug|Any CPU.ActiveCfg = Debug|Any CPU
		{9AA26574-E7B5-4B0E-8BDE-4B5F750A6FDB}.Debug|Any CPU.Build.0 = Debug|Any CPU
		{9AA26574-E7B5-4B0E-8BDE-4B5F750A6FDB}.Release|Any CPU.ActiveCfg = Release|Any CPU
		{9AA26574-E7B5-4B0E-8BDE-4B5F750A6FDB}.Release|Any CPU.Build.0 = Release|Any CPU
		{12270DC6-4813-43FF-BC51-CE5DEC3424C2}.Debug|Any CPU.ActiveCfg = Debug|Any CPU
		{12270DC6-4813-43FF-BC51-CE5DEC3424C2}.Debug|Any CPU.Build.0 = Debug|Any CPU
		{12270DC6-4813-43FF-BC51-CE5DEC3424C2}.Release|Any CPU.ActiveCfg = Release|Any CPU
		{12270DC6-4813-43FF-BC51-CE5DEC3424C2}.Release|Any CPU.Build.0 = Release|Any CPU
		{DC45C981-B839-416E-B8C6-34D1D1EA62DE}.Debug|Any CPU.ActiveCfg = Debug|Any CPU
		{DC45C981-B839-416E-B8C6-34D1D1EA62DE}.Debug|Any CPU.Build.0 = Debug|Any CPU
		{DC45C981-B839-416E-B8C6-34D1D1EA62DE}.Release|Any CPU.ActiveCfg = Release|Any CPU
		{DC45C981-B839-416E-B8C6-34D1D1EA62DE}.Release|Any CPU.Build.0 = Release|Any CPU
		{A93AD1B9-299F-4217-AAE2-D18A56AB6BC6}.Debug|Any CPU.ActiveCfg = Debug|Any CPU
		{A93AD1B9-299F-4217-AAE2-D18A56AB6BC6}.Debug|Any CPU.Build.0 = Debug|Any CPU
		{A93AD1B9-299F-4217-AAE2-D18A56AB6BC6}.Release|Any CPU.ActiveCfg = Release|Any CPU
		{A93AD1B9-299F-4217-AAE2-D18A56AB6BC6}.Release|Any CPU.Build.0 = Release|Any CPU
		{C6DEB8F5-F129-482F-A490-CF83E6F91E4F}.Debug|Any CPU.ActiveCfg = Debug|Any CPU
		{C6DEB8F5-F129-482F-A490-CF83E6F91E4F}.Debug|Any CPU.Build.0 = Debug|Any CPU
		{C6DEB8F5-F129-482F-A490-CF83E6F91E4F}.Release|Any CPU.ActiveCfg = Release|Any CPU
		{C6DEB8F5-F129-482F-A490-CF83E6F91E4F}.Release|Any CPU.Build.0 = Release|Any CPU
	EndGlobalSection
	GlobalSection(SolutionProperties) = preSolution
		HideSolutionNode = FALSE
	EndGlobalSection
	GlobalSection(NestedProjects) = preSolution
		{95B96006-305C-4E9F-8406-30F3CD722307} = {02EA681E-C7D8-13C7-8484-4AC65E1B71E8}
		{5DE6F70E-A8A6-4DFA-A939-6E574338D221} = {02EA681E-C7D8-13C7-8484-4AC65E1B71E8}
		{9CDE23F4-8FA4-4097-856A-E73C0BE73864} = {02EA681E-C7D8-13C7-8484-4AC65E1B71E8}
		{823544D7-69D8-4627-B07B-86157D1CE519} = {A3B43E47-E9F6-4F80-9C5C-0AD5CFE5A04C}
		{41771F49-D15B-4667-8A9C-FC3A8ACECEF5} = {A3B43E47-E9F6-4F80-9C5C-0AD5CFE5A04C}
		{016801DE-10E8-434D-B131-034D6E558A8C} = {A3B43E47-E9F6-4F80-9C5C-0AD5CFE5A04C}
		{1E95D8EE-6AA0-4E6C-8C31-89AAAEB56384} = {2DD9FFA4-764B-4A2D-8511-F44659FA08A4}
		{1C915A67-19B6-455F-B5FA-5481499202EB} = {2DD9FFA4-764B-4A2D-8511-F44659FA08A4}
		{F20AC268-0E78-4D43-8F25-05ACF7A47E89} = {2DD9FFA4-764B-4A2D-8511-F44659FA08A4}
		{ACC57A0B-06EE-405F-942B-74FF2FDA57A4} = {269065C9-F685-40B6-A2F2-7AF2E0059AD2}
		{9AA26574-E7B5-4B0E-8BDE-4B5F750A6FDB} = {269065C9-F685-40B6-A2F2-7AF2E0059AD2}
		{12270DC6-4813-43FF-BC51-CE5DEC3424C2} = {269065C9-F685-40B6-A2F2-7AF2E0059AD2}
		{DC45C981-B839-416E-B8C6-34D1D1EA62DE} = {63CD0F2C-D9EA-4974-A30D-43F0B53573F5}
		{A93AD1B9-299F-4217-AAE2-D18A56AB6BC6} = {63CD0F2C-D9EA-4974-A30D-43F0B53573F5}
		{C6DEB8F5-F129-482F-A490-CF83E6F91E4F} = {63CD0F2C-D9EA-4974-A30D-43F0B53573F5}
	EndGlobalSection
	GlobalSection(ExtensibilityGlobals) = postSolution
		SolutionGuid = {BE0B2DB9-C790-4D65-B527-BC32CE86FCF3}
	EndGlobalSection
EndGlobal
