
Microsoft Visual Studio Solution File, Format Version 12.00
# Visual Studio Version 17
VisualStudioVersion = 17.14.36518.9 d17.14
MinimumVisualStudioVersion = 10.0.40219.1
Project("{2150E333-8FDC-42A3-9474-1A3956D46DE8}") = "Task0", "Task0", "{02EA681E-C7D8-13C7-8484-4AC65E1B71E8}"
EndProject
Project("{FAE04EC0-301F-11D3-BF4B-00C04F79EFBC}") = "Tyuiu.mamatkulovFO.Sprint3.Task0.V21", "Tyuiu.mamatkulovFO.Sprint3.Task0.V21\Tyuiu.mamatkulovFO.Sprint3.Task0.V21.csproj", "{95B96006-305C-4E9F-8406-30F3CD722307}"
EndProject
Project("{FAE04EC0-301F-11D3-BF4B-00C04F79EFBC}") = "Tyuiu.mamatkulovFO.Sprint3.Task0.V21.Lib", "Tyuiu.mamatkulovFO.Sprint3.Task0.V21.Lib\Tyuiu.mamatkulovFO.Sprint3.Task0.V21.Lib.csproj", "{5DE6F70E-A8A6-4DFA-A939-6E574338D221}"
EndProject
Project("{FAE04EC0-301F-11D3-BF4B-00C04F79EFBC}") = "Tyuiu.mamatkulovFO.Sprint3.Task0.V21.Test", "Tyuiu.mamatkulovFO.Sprint3.Task0.V21.Test\Tyuiu.mamatkulovFO.Sprint3.Task0.V21.Test.csproj", "{9CDE23F4-8FA4-4097-856A-E73C0BE73864}"
EndProject
Global
	GlobalSection(SolutionConfigurationPlatforms) = preSolution
		Debug|Any CPU = Debug|Any CPU
		Release|Any CPU = Release|Any CPU
	EndGlobalSection
	GlobalSection(ProjectConfigurationPlatforms) = postSolution
		{95B96006-305C-4E9F-8406-30F3CD722307}.Debug|Any CPU.ActiveCfg = Debug|Any CPU
		{95B96006-305C-4E9F-8406-30F3CD722307}.Debug|Any CPU.Build.0 = Debug|Any CPU
		{95B96006-305C-4E9F-8406-30F3CD722307}.Release|Any CPU.ActiveCfg = Release|Any CPU
		{95B96006-305C-4E9F-8406-30F3CD722307}.Release|Any CPU.Build.0 = Release|Any CPU
		{5DE6F70E-A8A6-4DFA-A939-6E574338D221}.Debug|Any CPU.ActiveCfg = Debug|Any CPU
		{5DE6F70E-A8A6-4DFA-A939-6E574338D221}.Debug|Any CPU.Build.0 = Debug|Any CPU
		{5DE6F70E-A8A6-4DFA-A939-6E574338D221}.Release|Any CPU.ActiveCfg = Release|Any CPU
		{5DE6F70E-A8A6-4DFA-A939-6E574338D221}.Release|Any CPU.Build.0 = Release|Any CPU
		{9CDE23F4-8FA4-4097-856A-E73C0BE73864}.Debug|Any CPU.ActiveCfg = Debug|Any CPU
		{9CDE23F4-8FA4-4097-856A-E73C0BE73864}.Debug|Any CPU.Build.0 = Debug|Any CPU
		{9CDE23F4-8FA4-4097-856A-E73C0BE73864}.Release|Any CPU.ActiveCfg = Release|Any CPU
		{9CDE23F4-8FA4-4097-856A-E73C0BE73864}.Release|Any CPU.Build.0 = Release|Any CPU
	EndGlobalSection
	GlobalSection(SolutionProperties) = preSolution
		HideSolutionNode = FALSE
	EndGlobalSection
	GlobalSection(NestedProjects) = preSolution
		{95B96006-305C-4E9F-8406-30F3CD722307} = {02EA681E-C7D8-13C7-8484-4AC65E1B71E8}
		{5DE6F70E-A8A6-4DFA-A939-6E574338D221} = {02EA681E-C7D8-13C7-8484-4AC65E1B71E8}
		{9CDE23F4-8FA4-4097-856A-E73C0BE73864} = {02EA681E-C7D8-13C7-8484-4AC65E1B71E8}
	EndGlobalSection
	GlobalSection(ExtensibilityGlobals) = postSolution
		SolutionGuid = {BE0B2DB9-C790-4D65-B527-BC32CE86FCF3}
	EndGlobalSection
EndGlobal
